
Microsoft Visual Studio Solution File, Format Version 12.00
# Visual Studio 2013
VisualStudioVersion = 12.0.21005.1
MinimumVisualStudioVersion = 10.0.40219.1
Project("{F184B08F-C81C-45F6-A57F-5ABD9991F28F}") = "Bounty_BAT_OnCall", "..\Bounty\PP\PP-GEN-EXE\BATCHINGOnCall\Bounty_BAT_OnCall.vbproj", "{3BE76109-F66A-4444-8A56-7F78BAE6D0E1}"
EndProject
Project("{2150E333-8FDC-42A3-9474-1A3956D46DE8}") = "1 - Auto Batching On-call Application", "1 - Auto Batching On-call Application", "{B7182BA2-6544-4C8F-B95E-FB5A6A610D1D}"
EndProject
Project("{2150E333-8FDC-42A3-9474-1A3956D46DE8}") = "3 - Library", "3 - Library", "{8059954D-917B-4D39-AB22-48E63B432398}"
EndProject
Project("{F184B08F-C81C-45F6-A57F-5ABD9991F28F}") = "AutomationLibrary", "AutoBatchingLibrary\AutomationLibrary.vbproj", "{D7A93570-0BD7-4FD1-A1E5-F738EC8F4370}"
EndProject
Project("{2150E333-8FDC-42A3-9474-1A3956D46DE8}") = "0 - Auto Batching", "0 - Auto Batching", "{169245A3-1E9C-49BD-B6F2-74CF88259AA0}"
EndProject
Project("{F184B08F-C81C-45F6-A57F-5ABD9991F28F}") = "AHC_BAT_OnCall", "On-call Batching Programs\AHC_BAT_OnCall\AHC_BAT_OnCall.vbproj", "{FB632BE5-8936-449E-B3F7-FA2C6A88CC0F}"
EndProject
Project("{2150E333-8FDC-42A3-9474-1A3956D46DE8}") = "2 - etc", "2 - etc", "{AA60D47F-6F1A-4A8D-B138-55327BBF415D}"
EndProject
Project("{F184B08F-C81C-45F6-A57F-5ABD9991F28F}") = "Gestalt", "Template Viewer\Gestalt\Gestalt.vbproj", "{8F7DBE78-D4B7-48E6-9366-89C04CE9507A}"
EndProject
Project("{F184B08F-C81C-45F6-A57F-5ABD9991F28F}") = "General_BAT_OnCall", "On-call Batching Programs\General_BAT_OnCall\General_BAT_OnCall.vbproj", "{641E8FAB-D374-43BA-9706-B6C47D421413}"
EndProject
Project("{F184B08F-C81C-45F6-A57F-5ABD9991F28F}") = "Tester", "Template Viewer\Tester\Tester.vbproj", "{0552E733-7A6A-4763-B37E-E28BA89FBB1E}"
EndProject
Project("{F184B08F-C81C-45F6-A57F-5ABD9991F28F}") = "AutoBatching v1.0", "AutoBatching\v1.0\AutoBatching v1.0.vbproj", "{3C6C2B89-5333-4071-B8DC-325826151EF7}"
EndProject
Project("{F184B08F-C81C-45F6-A57F-5ABD9991F28F}") = "AutoBatching v2.0", "AutoBatching\v2.0\AutoBatching v2.0.vbproj", "{7728686E-87C0-4113-9C72-3626E2AAE2AD}"
EndProject
Project("{2150E333-8FDC-42A3-9474-1A3956D46DE8}") = "4 - Backups", "4 - Backups", "{85FF042A-387B-41FC-A242-F7DBE76CA0F2}"
EndProject
Project("{2150E333-8FDC-42A3-9474-1A3956D46DE8}") = "Manual Version", "Manual Version", "{3A908709-D010-4483-AA99-B8A24E48B751}"
EndProject
Project("{F184B08F-C81C-45F6-A57F-5ABD9991F28F}") = "Batching", "Batching\Batching.vbproj", "{1722D1A4-464B-4980-84C0-96D981EE12DC}"
EndProject
Project("{F184B08F-C81C-45F6-A57F-5ABD9991F28F}") = "SEAN", "F:\1 - Programs\0 - Libraries\SEAN\SEAN.vbproj", "{EB98C6FB-8D9D-42CB-8B8E-CD13BD8BFF3C}"
EndProject
Global
	GlobalSection(SolutionConfigurationPlatforms) = preSolution
		Debug|Any CPU = Debug|Any CPU
		Release|Any CPU = Release|Any CPU
	EndGlobalSection
	GlobalSection(ProjectConfigurationPlatforms) = postSolution
		{3BE76109-F66A-4444-8A56-7F78BAE6D0E1}.Debug|Any CPU.ActiveCfg = Debug|Any CPU
		{3BE76109-F66A-4444-8A56-7F78BAE6D0E1}.Debug|Any CPU.Build.0 = Debug|Any CPU
		{3BE76109-F66A-4444-8A56-7F78BAE6D0E1}.Release|Any CPU.ActiveCfg = Release|Any CPU
		{3BE76109-F66A-4444-8A56-7F78BAE6D0E1}.Release|Any CPU.Build.0 = Release|Any CPU
		{D7A93570-0BD7-4FD1-A1E5-F738EC8F4370}.Debug|Any CPU.ActiveCfg = Debug|Any CPU
		{D7A93570-0BD7-4FD1-A1E5-F738EC8F4370}.Debug|Any CPU.Build.0 = Debug|Any CPU
		{D7A93570-0BD7-4FD1-A1E5-F738EC8F4370}.Release|Any CPU.ActiveCfg = Release|Any CPU
		{D7A93570-0BD7-4FD1-A1E5-F738EC8F4370}.Release|Any CPU.Build.0 = Release|Any CPU
		{FB632BE5-8936-449E-B3F7-FA2C6A88CC0F}.Debug|Any CPU.ActiveCfg = Debug|Any CPU
		{FB632BE5-8936-449E-B3F7-FA2C6A88CC0F}.Debug|Any CPU.Build.0 = Debug|Any CPU
		{FB632BE5-8936-449E-B3F7-FA2C6A88CC0F}.Release|Any CPU.ActiveCfg = Release|Any CPU
		{FB632BE5-8936-449E-B3F7-FA2C6A88CC0F}.Release|Any CPU.Build.0 = Release|Any CPU
		{8F7DBE78-D4B7-48E6-9366-89C04CE9507A}.Debug|Any CPU.ActiveCfg = Debug|Any CPU
		{8F7DBE78-D4B7-48E6-9366-89C04CE9507A}.Debug|Any CPU.Build.0 = Debug|Any CPU
		{8F7DBE78-D4B7-48E6-9366-89C04CE9507A}.Release|Any CPU.ActiveCfg = Release|Any CPU
		{8F7DBE78-D4B7-48E6-9366-89C04CE9507A}.Release|Any CPU.Build.0 = Release|Any CPU
		{641E8FAB-D374-43BA-9706-B6C47D421413}.Debug|Any CPU.ActiveCfg = Debug|Any CPU
		{641E8FAB-D374-43BA-9706-B6C47D421413}.Debug|Any CPU.Build.0 = Debug|Any CPU
		{641E8FAB-D374-43BA-9706-B6C47D421413}.Release|Any CPU.ActiveCfg = Release|Any CPU
		{641E8FAB-D374-43BA-9706-B6C47D421413}.Release|Any CPU.Build.0 = Release|Any CPU
		{0552E733-7A6A-4763-B37E-E28BA89FBB1E}.Debug|Any CPU.ActiveCfg = Debug|Any CPU
		{0552E733-7A6A-4763-B37E-E28BA89FBB1E}.Debug|Any CPU.Build.0 = Debug|Any CPU
		{0552E733-7A6A-4763-B37E-E28BA89FBB1E}.Release|Any CPU.ActiveCfg = Release|Any CPU
		{0552E733-7A6A-4763-B37E-E28BA89FBB1E}.Release|Any CPU.Build.0 = Release|Any CPU
		{3C6C2B89-5333-4071-B8DC-325826151EF7}.Debug|Any CPU.ActiveCfg = Debug|Any CPU
		{3C6C2B89-5333-4071-B8DC-325826151EF7}.Debug|Any CPU.Build.0 = Debug|Any CPU
		{3C6C2B89-5333-4071-B8DC-325826151EF7}.Release|Any CPU.ActiveCfg = Release|Any CPU
		{3C6C2B89-5333-4071-B8DC-325826151EF7}.Release|Any CPU.Build.0 = Release|Any CPU
		{7728686E-87C0-4113-9C72-3626E2AAE2AD}.Debug|Any CPU.ActiveCfg = Debug|Any CPU
		{7728686E-87C0-4113-9C72-3626E2AAE2AD}.Debug|Any CPU.Build.0 = Debug|Any CPU
		{7728686E-87C0-4113-9C72-3626E2AAE2AD}.Release|Any CPU.ActiveCfg = Release|Any CPU
		{7728686E-87C0-4113-9C72-3626E2AAE2AD}.Release|Any CPU.Build.0 = Release|Any CPU
		{1722D1A4-464B-4980-84C0-96D981EE12DC}.Debug|Any CPU.ActiveCfg = Debug|Any CPU
		{1722D1A4-464B-4980-84C0-96D981EE12DC}.Debug|Any CPU.Build.0 = Debug|Any CPU
		{1722D1A4-464B-4980-84C0-96D981EE12DC}.Release|Any CPU.ActiveCfg = Release|Any CPU
		{1722D1A4-464B-4980-84C0-96D981EE12DC}.Release|Any CPU.Build.0 = Release|Any CPU
		{EB98C6FB-8D9D-42CB-8B8E-CD13BD8BFF3C}.Debug|Any CPU.ActiveCfg = Debug|Any CPU
		{EB98C6FB-8D9D-42CB-8B8E-CD13BD8BFF3C}.Debug|Any CPU.Build.0 = Debug|Any CPU
		{EB98C6FB-8D9D-42CB-8B8E-CD13BD8BFF3C}.Release|Any CPU.ActiveCfg = Release|Any CPU
		{EB98C6FB-8D9D-42CB-8B8E-CD13BD8BFF3C}.Release|Any CPU.Build.0 = Release|Any CPU
	EndGlobalSection
	GlobalSection(SolutionProperties) = preSolution
		HideSolutionNode = FALSE
	EndGlobalSection
	GlobalSection(NestedProjects) = preSolution
		{3BE76109-F66A-4444-8A56-7F78BAE6D0E1} = {B7182BA2-6544-4C8F-B95E-FB5A6A610D1D}
		{FB632BE5-8936-449E-B3F7-FA2C6A88CC0F} = {B7182BA2-6544-4C8F-B95E-FB5A6A610D1D}
		{641E8FAB-D374-43BA-9706-B6C47D421413} = {B7182BA2-6544-4C8F-B95E-FB5A6A610D1D}
		{D7A93570-0BD7-4FD1-A1E5-F738EC8F4370} = {8059954D-917B-4D39-AB22-48E63B432398}
		{EB98C6FB-8D9D-42CB-8B8E-CD13BD8BFF3C} = {8059954D-917B-4D39-AB22-48E63B432398}
		{7728686E-87C0-4113-9C72-3626E2AAE2AD} = {169245A3-1E9C-49BD-B6F2-74CF88259AA0}
		{8F7DBE78-D4B7-48E6-9366-89C04CE9507A} = {AA60D47F-6F1A-4A8D-B138-55327BBF415D}
		{0552E733-7A6A-4763-B37E-E28BA89FBB1E} = {AA60D47F-6F1A-4A8D-B138-55327BBF415D}
		{3C6C2B89-5333-4071-B8DC-325826151EF7} = {85FF042A-387B-41FC-A242-F7DBE76CA0F2}
		{1722D1A4-464B-4980-84C0-96D981EE12DC} = {3A908709-D010-4483-AA99-B8A24E48B751}
	EndGlobalSection
EndGlobal
